
Microsoft Visual Studio Solution File, Format Version 12.00
# Visual Studio Version 17
VisualStudioVersion = 17.4.33205.214
MinimumVisualStudioVersion = 10.0.40219.1
Project("{FAE04EC0-301F-11D3-BF4B-00C04F79EFBC}") = "CarMechanic.UI", "CarMechanic.UI\CarMechanic.UI.csproj", "{C7A5AFE3-9831-4173-8418-493665F01933}"
EndProject
Project("{FAE04EC0-301F-11D3-BF4B-00C04F79EFBC}") = "CarMechanic.Model", "CarMechanic.Model\CarMechanic.Model.csproj", "{E92EC435-DD1E-4D3D-981B-E8B1C2C047B1}"
EndProject
Project("{FAE04EC0-301F-11D3-BF4B-00C04F79EFBC}") = "CarMechanic.DataAccess", "CarMechanic.DataAccess\CarMechanic.DataAccess.csproj", "{237D616F-8220-4DA8-9570-23ED3A3F4021}"
EndProject
Global
	GlobalSection(SolutionConfigurationPlatforms) = preSolution
		Debug|Any CPU = Debug|Any CPU
		Release|Any CPU = Release|Any CPU
	EndGlobalSection
	GlobalSection(ProjectConfigurationPlatforms) = postSolution
		{C7A5AFE3-9831-4173-8418-493665F01933}.Debug|Any CPU.ActiveCfg = Debug|Any CPU
		{C7A5AFE3-9831-4173-8418-493665F01933}.Debug|Any CPU.Build.0 = Debug|Any CPU
		{C7A5AFE3-9831-4173-8418-493665F01933}.Release|Any CPU.ActiveCfg = Release|Any CPU
		{C7A5AFE3-9831-4173-8418-493665F01933}.Release|Any CPU.Build.0 = Release|Any CPU
		{E92EC435-DD1E-4D3D-981B-E8B1C2C047B1}.Debug|Any CPU.ActiveCfg = Debug|Any CPU
		{E92EC435-DD1E-4D3D-981B-E8B1C2C047B1}.Debug|Any CPU.Build.0 = Debug|Any CPU
		{E92EC435-DD1E-4D3D-981B-E8B1C2C047B1}.Release|Any CPU.ActiveCfg = Release|Any CPU
		{E92EC435-DD1E-4D3D-981B-E8B1C2C047B1}.Release|Any CPU.Build.0 = Release|Any CPU
		{237D616F-8220-4DA8-9570-23ED3A3F4021}.Debug|Any CPU.ActiveCfg = Debug|Any CPU
		{237D616F-8220-4DA8-9570-23ED3A3F4021}.Debug|Any CPU.Build.0 = Debug|Any CPU
		{237D616F-8220-4DA8-9570-23ED3A3F4021}.Release|Any CPU.ActiveCfg = Release|Any CPU
		{237D616F-8220-4DA8-9570-23ED3A3F4021}.Release|Any CPU.Build.0 = Release|Any CPU
	EndGlobalSection
	GlobalSection(SolutionProperties) = preSolution
		HideSolutionNode = FALSE
	EndGlobalSection
	GlobalSection(ExtensibilityGlobals) = postSolution
		SolutionGuid = {C4230AA0-E8B3-49B3-B2F8-5A98A7D1D44D}
	EndGlobalSection
EndGlobal
