
Microsoft Visual Studio Solution File, Format Version 12.00
# Visual Studio Version 17
VisualStudioVersion = 17.3.32922.545
MinimumVisualStudioVersion = 10.0.40219.1
Project("{9A19103F-16F7-4668-BE54-9A1E7A4F7556}") = "zadanie 1", "zadanie 1\zadanie 1.csproj", "{CAC8E64D-D7B2-4014-9328-3DEB738304BB}"
EndProject
Project("{FAE04EC0-301F-11D3-BF4B-00C04F79EFBC}") = "zadanie 2", "zadanie 2\zadanie 2.csproj", "{F1C91D04-C63E-4143-8881-42E35CA13D37}"
EndProject
Global
	GlobalSection(SolutionConfigurationPlatforms) = preSolution
		Debug|Any CPU = Debug|Any CPU
		Release|Any CPU = Release|Any CPU
	EndGlobalSection
	GlobalSection(ProjectConfigurationPlatforms) = postSolution
		{CAC8E64D-D7B2-4014-9328-3DEB738304BB}.Debug|Any CPU.ActiveCfg = Debug|Any CPU
		{CAC8E64D-D7B2-4014-9328-3DEB738304BB}.Debug|Any CPU.Build.0 = Debug|Any CPU
		{CAC8E64D-D7B2-4014-9328-3DEB738304BB}.Release|Any CPU.ActiveCfg = Release|Any CPU
		{CAC8E64D-D7B2-4014-9328-3DEB738304BB}.Release|Any CPU.Build.0 = Release|Any CPU
		{F1C91D04-C63E-4143-8881-42E35CA13D37}.Debug|Any CPU.ActiveCfg = Debug|Any CPU
		{F1C91D04-C63E-4143-8881-42E35CA13D37}.Debug|Any CPU.Build.0 = Debug|Any CPU
		{F1C91D04-C63E-4143-8881-42E35CA13D37}.Release|Any CPU.ActiveCfg = Release|Any CPU
		{F1C91D04-C63E-4143-8881-42E35CA13D37}.Release|Any CPU.Build.0 = Release|Any CPU
	EndGlobalSection
	GlobalSection(SolutionProperties) = preSolution
		HideSolutionNode = FALSE
	EndGlobalSection
	GlobalSection(ExtensibilityGlobals) = postSolution
		SolutionGuid = {072159A7-2A5A-4871-8DF5-12B210E1A778}
	EndGlobalSection
EndGlobal
