
Microsoft Visual Studio Solution File, Format Version 12.00
# Visual Studio Version 17
VisualStudioVersion = 17.4.33110.190
MinimumVisualStudioVersion = 10.0.40219.1
Project("{FAE04EC0-301F-11D3-BF4B-00C04F79EFBC}") = "lista 3", "lista 3\lista 3.csproj", "{C31833BD-A985-489F-B049-D633875E791A}"
EndProject
Global
	GlobalSection(SolutionConfigurationPlatforms) = preSolution
		Debug|Any CPU = Debug|Any CPU
		Release|Any CPU = Release|Any CPU
	EndGlobalSection
	GlobalSection(ProjectConfigurationPlatforms) = postSolution
		{C31833BD-A985-489F-B049-D633875E791A}.Debug|Any CPU.ActiveCfg = Debug|Any CPU
		{C31833BD-A985-489F-B049-D633875E791A}.Debug|Any CPU.Build.0 = Debug|Any CPU
		{C31833BD-A985-489F-B049-D633875E791A}.Release|Any CPU.ActiveCfg = Release|Any CPU
		{C31833BD-A985-489F-B049-D633875E791A}.Release|Any CPU.Build.0 = Release|Any CPU
	EndGlobalSection
	GlobalSection(SolutionProperties) = preSolution
		HideSolutionNode = FALSE
	EndGlobalSection
	GlobalSection(ExtensibilityGlobals) = postSolution
		SolutionGuid = {7ED9E28B-A2EA-46FB-B19C-7F5AD8706C4D}
	EndGlobalSection
EndGlobal
