
Microsoft Visual Studio Solution File, Format Version 12.00
# Visual Studio Version 17
VisualStudioVersion = 17.4.33205.214
MinimumVisualStudioVersion = 10.0.40219.1
Project("{FAE04EC0-301F-11D3-BF4B-00C04F79EFBC}") = "lista-6", "lista-6\lista-6.csproj", "{88A815E8-34A6-4312-8B04-B43913498D2A}"
EndProject
Global
	GlobalSection(SolutionConfigurationPlatforms) = preSolution
		Debug|Any CPU = Debug|Any CPU
		Release|Any CPU = Release|Any CPU
	EndGlobalSection
	GlobalSection(ProjectConfigurationPlatforms) = postSolution
		{88A815E8-34A6-4312-8B04-B43913498D2A}.Debug|Any CPU.ActiveCfg = Debug|Any CPU
		{88A815E8-34A6-4312-8B04-B43913498D2A}.Debug|Any CPU.Build.0 = Debug|Any CPU
		{88A815E8-34A6-4312-8B04-B43913498D2A}.Release|Any CPU.ActiveCfg = Release|Any CPU
		{88A815E8-34A6-4312-8B04-B43913498D2A}.Release|Any CPU.Build.0 = Release|Any CPU
	EndGlobalSection
	GlobalSection(SolutionProperties) = preSolution
		HideSolutionNode = FALSE
	EndGlobalSection
	GlobalSection(ExtensibilityGlobals) = postSolution
		SolutionGuid = {46A5B97B-6B9E-4F6B-9FF2-096AB47C840E}
	EndGlobalSection
EndGlobal
