
Microsoft Visual Studio Solution File, Format Version 12.00
# Visual Studio Version 17
VisualStudioVersion = 17.3.32922.545
MinimumVisualStudioVersion = 10.0.40219.1
Project("{9A19103F-16F7-4668-BE54-9A1E7A4F7556}") = "Kalkulator", "Kalkulator\Kalkulator.csproj", "{D3F6AAC1-941E-46DE-A8FE-4B67920A831B}"
EndProject
Project("{9A19103F-16F7-4668-BE54-9A1E7A4F7556}") = "DodawanieStudenta", "DodawanieStudenta\DodawanieStudenta.csproj", "{810DEFF9-C957-43AC-B2C5-BEB00A7EA877}"
EndProject
Project("{9A19103F-16F7-4668-BE54-9A1E7A4F7556}") = "DockPanel", "DockPanel\DockPanel.csproj", "{8337A58F-6BD8-42C7-8D61-525C6FC88EA8}"
EndProject
Project("{FAE04EC0-301F-11D3-BF4B-00C04F79EFBC}") = "Canvas", "Canvas\Canvas.csproj", "{DBC3D5A2-8F08-43C1-96A1-B09779727C0C}"
EndProject
Global
	GlobalSection(SolutionConfigurationPlatforms) = preSolution
		Debug|Any CPU = Debug|Any CPU
		Release|Any CPU = Release|Any CPU
	EndGlobalSection
	GlobalSection(ProjectConfigurationPlatforms) = postSolution
		{D3F6AAC1-941E-46DE-A8FE-4B67920A831B}.Debug|Any CPU.ActiveCfg = Debug|Any CPU
		{D3F6AAC1-941E-46DE-A8FE-4B67920A831B}.Debug|Any CPU.Build.0 = Debug|Any CPU
		{D3F6AAC1-941E-46DE-A8FE-4B67920A831B}.Release|Any CPU.ActiveCfg = Release|Any CPU
		{D3F6AAC1-941E-46DE-A8FE-4B67920A831B}.Release|Any CPU.Build.0 = Release|Any CPU
		{810DEFF9-C957-43AC-B2C5-BEB00A7EA877}.Debug|Any CPU.ActiveCfg = Debug|Any CPU
		{810DEFF9-C957-43AC-B2C5-BEB00A7EA877}.Debug|Any CPU.Build.0 = Debug|Any CPU
		{810DEFF9-C957-43AC-B2C5-BEB00A7EA877}.Release|Any CPU.ActiveCfg = Release|Any CPU
		{810DEFF9-C957-43AC-B2C5-BEB00A7EA877}.Release|Any CPU.Build.0 = Release|Any CPU
		{8337A58F-6BD8-42C7-8D61-525C6FC88EA8}.Debug|Any CPU.ActiveCfg = Debug|Any CPU
		{8337A58F-6BD8-42C7-8D61-525C6FC88EA8}.Debug|Any CPU.Build.0 = Debug|Any CPU
		{8337A58F-6BD8-42C7-8D61-525C6FC88EA8}.Release|Any CPU.ActiveCfg = Release|Any CPU
		{8337A58F-6BD8-42C7-8D61-525C6FC88EA8}.Release|Any CPU.Build.0 = Release|Any CPU
		{DBC3D5A2-8F08-43C1-96A1-B09779727C0C}.Debug|Any CPU.ActiveCfg = Debug|Any CPU
		{DBC3D5A2-8F08-43C1-96A1-B09779727C0C}.Debug|Any CPU.Build.0 = Debug|Any CPU
		{DBC3D5A2-8F08-43C1-96A1-B09779727C0C}.Release|Any CPU.ActiveCfg = Release|Any CPU
		{DBC3D5A2-8F08-43C1-96A1-B09779727C0C}.Release|Any CPU.Build.0 = Release|Any CPU
	EndGlobalSection
	GlobalSection(SolutionProperties) = preSolution
		HideSolutionNode = FALSE
	EndGlobalSection
	GlobalSection(ExtensibilityGlobals) = postSolution
		SolutionGuid = {285CC972-A9DE-4501-A471-9D31A2E4103C}
	EndGlobalSection
EndGlobal
