
Microsoft Visual Studio Solution File, Format Version 12.00
# Visual Studio Version 17
VisualStudioVersion = 17.3.32922.545
MinimumVisualStudioVersion = 10.0.40219.1
Project("{FAE04EC0-301F-11D3-BF4B-00C04F79EFBC}") = "Kalkulator", "Kalkulator\Kalkulator.csproj", "{D3F6AAC1-941E-46DE-A8FE-4B67920A831B}"
EndProject
Project("{FAE04EC0-301F-11D3-BF4B-00C04F79EFBC}") = "DodawanieStudenta", "DodawanieStudenta\DodawanieStudenta.csproj", "{810DEFF9-C957-43AC-B2C5-BEB00A7EA877}"
EndProject
Global
	GlobalSection(SolutionConfigurationPlatforms) = preSolution
		Debug|Any CPU = Debug|Any CPU
		Release|Any CPU = Release|Any CPU
	EndGlobalSection
	GlobalSection(ProjectConfigurationPlatforms) = postSolution
		{D3F6AAC1-941E-46DE-A8FE-4B67920A831B}.Debug|Any CPU.ActiveCfg = Debug|Any CPU
		{D3F6AAC1-941E-46DE-A8FE-4B67920A831B}.Debug|Any CPU.Build.0 = Debug|Any CPU
		{D3F6AAC1-941E-46DE-A8FE-4B67920A831B}.Release|Any CPU.ActiveCfg = Release|Any CPU
		{D3F6AAC1-941E-46DE-A8FE-4B67920A831B}.Release|Any CPU.Build.0 = Release|Any CPU
		{810DEFF9-C957-43AC-B2C5-BEB00A7EA877}.Debug|Any CPU.ActiveCfg = Debug|Any CPU
		{810DEFF9-C957-43AC-B2C5-BEB00A7EA877}.Debug|Any CPU.Build.0 = Debug|Any CPU
		{810DEFF9-C957-43AC-B2C5-BEB00A7EA877}.Release|Any CPU.ActiveCfg = Release|Any CPU
		{810DEFF9-C957-43AC-B2C5-BEB00A7EA877}.Release|Any CPU.Build.0 = Release|Any CPU
	EndGlobalSection
	GlobalSection(SolutionProperties) = preSolution
		HideSolutionNode = FALSE
	EndGlobalSection
	GlobalSection(ExtensibilityGlobals) = postSolution
		SolutionGuid = {285CC972-A9DE-4501-A471-9D31A2E4103C}
	EndGlobalSection
EndGlobal
