
Microsoft Visual Studio Solution File, Format Version 12.00
# Visual Studio Version 17
VisualStudioVersion = 17.3.32929.385
MinimumVisualStudioVersion = 10.0.40219.1
Project("{FAE04EC0-301F-11D3-BF4B-00C04F79EFBC}") = "Battleship", "Battleship\Battleship.csproj", "{D5DA958F-8FC5-448E-98E1-4F8B30112783}"
EndProject
Global
	GlobalSection(SolutionConfigurationPlatforms) = preSolution
		Debug|Any CPU = Debug|Any CPU
		Release|Any CPU = Release|Any CPU
	EndGlobalSection
	GlobalSection(ProjectConfigurationPlatforms) = postSolution
		{D5DA958F-8FC5-448E-98E1-4F8B30112783}.Debug|Any CPU.ActiveCfg = Debug|Any CPU
		{D5DA958F-8FC5-448E-98E1-4F8B30112783}.Debug|Any CPU.Build.0 = Debug|Any CPU
		{D5DA958F-8FC5-448E-98E1-4F8B30112783}.Release|Any CPU.ActiveCfg = Release|Any CPU
		{D5DA958F-8FC5-448E-98E1-4F8B30112783}.Release|Any CPU.Build.0 = Release|Any CPU
	EndGlobalSection
	GlobalSection(SolutionProperties) = preSolution
		HideSolutionNode = FALSE
	EndGlobalSection
	GlobalSection(ExtensibilityGlobals) = postSolution
		SolutionGuid = {D4A26E38-65C0-42A1-99A7-634D6CDBA623}
	EndGlobalSection
EndGlobal
